
Microsoft Visual Studio Solution File, Format Version 12.00
# Visual Studio Version 17
VisualStudioVersion = 17.0.31808.319
MinimumVisualStudioVersion = 10.0.40219.1
Project("{FAE04EC0-301F-11D3-BF4B-00C04F79EFBC}") = "Hw2", "Hw2\Hw2.csproj", "{39AFCC5F-0977-41B6-A4D9-D5A851060268}"
EndProject
Global
	GlobalSection(SolutionConfigurationPlatforms) = preSolution
		Debug|Any CPU = Debug|Any CPU
		Release|Any CPU = Release|Any CPU
	EndGlobalSection
	GlobalSection(ProjectConfigurationPlatforms) = postSolution
		{39AFCC5F-0977-41B6-A4D9-D5A851060268}.Debug|Any CPU.ActiveCfg = Debug|Any CPU
		{39AFCC5F-0977-41B6-A4D9-D5A851060268}.Debug|Any CPU.Build.0 = Debug|Any CPU
		{39AFCC5F-0977-41B6-A4D9-D5A851060268}.Release|Any CPU.ActiveCfg = Release|Any CPU
		{39AFCC5F-0977-41B6-A4D9-D5A851060268}.Release|Any CPU.Build.0 = Release|Any CPU
	EndGlobalSection
	GlobalSection(SolutionProperties) = preSolution
		HideSolutionNode = FALSE
	EndGlobalSection
	GlobalSection(ExtensibilityGlobals) = postSolution
		SolutionGuid = {50520F9B-1E42-4D39-9C9F-C0E6A4A490CA}
	EndGlobalSection
EndGlobal
